
Microsoft Visual Studio Solution File, Format Version 12.00
# Visual Studio 15
VisualStudioVersion = 15.0.28307.421
MinimumVisualStudioVersion = 10.0.40219.1
Project("{9A19103F-16F7-4668-BE54-9A1E7A4F7556}") = "Project1", "Project1\Project1.csproj", "{435A052C-70C5-46C0-A1EC-9C6550EE5DA1}"
EndProject
Project("{9A19103F-16F7-4668-BE54-9A1E7A4F7556}") = "Project1.BLL", "Project1.BLL\Project1.BLL.csproj", "{24A89DA3-E236-47AA-8E08-028578E67DCC}"
EndProject
Project("{9A19103F-16F7-4668-BE54-9A1E7A4F7556}") = "Project1.DataAccess", "Project1.DataAccess\Project1.DataAccess.csproj", "{AFDE7152-F85E-47F9-807D-C0601A3D4D2E}"
EndProject
Project("{9A19103F-16F7-4668-BE54-9A1E7A4F7556}") = "Project1.Test", "Project1.Test\Project1.Test.csproj", "{634B46B7-CA5E-4534-94AC-0441C2A66604}"
EndProject
Project("{9A19103F-16F7-4668-BE54-9A1E7A4F7556}") = "Project1.Test.DataAccess", "Project1.Test.DataAccess\Project1.Test.DataAccess.csproj", "{84DAB844-4658-4EDE-BBE8-FC37BDFD0502}"
EndProject
Global
	GlobalSection(SolutionConfigurationPlatforms) = preSolution
		Debug|Any CPU = Debug|Any CPU
		Release|Any CPU = Release|Any CPU
	EndGlobalSection
	GlobalSection(ProjectConfigurationPlatforms) = postSolution
		{435A052C-70C5-46C0-A1EC-9C6550EE5DA1}.Debug|Any CPU.ActiveCfg = Debug|Any CPU
		{435A052C-70C5-46C0-A1EC-9C6550EE5DA1}.Debug|Any CPU.Build.0 = Debug|Any CPU
		{435A052C-70C5-46C0-A1EC-9C6550EE5DA1}.Release|Any CPU.ActiveCfg = Release|Any CPU
		{435A052C-70C5-46C0-A1EC-9C6550EE5DA1}.Release|Any CPU.Build.0 = Release|Any CPU
		{24A89DA3-E236-47AA-8E08-028578E67DCC}.Debug|Any CPU.ActiveCfg = Debug|Any CPU
		{24A89DA3-E236-47AA-8E08-028578E67DCC}.Debug|Any CPU.Build.0 = Debug|Any CPU
		{24A89DA3-E236-47AA-8E08-028578E67DCC}.Release|Any CPU.ActiveCfg = Release|Any CPU
		{24A89DA3-E236-47AA-8E08-028578E67DCC}.Release|Any CPU.Build.0 = Release|Any CPU
		{AFDE7152-F85E-47F9-807D-C0601A3D4D2E}.Debug|Any CPU.ActiveCfg = Debug|Any CPU
		{AFDE7152-F85E-47F9-807D-C0601A3D4D2E}.Debug|Any CPU.Build.0 = Debug|Any CPU
		{AFDE7152-F85E-47F9-807D-C0601A3D4D2E}.Release|Any CPU.ActiveCfg = Release|Any CPU
		{AFDE7152-F85E-47F9-807D-C0601A3D4D2E}.Release|Any CPU.Build.0 = Release|Any CPU
		{634B46B7-CA5E-4534-94AC-0441C2A66604}.Debug|Any CPU.ActiveCfg = Debug|Any CPU
		{634B46B7-CA5E-4534-94AC-0441C2A66604}.Debug|Any CPU.Build.0 = Debug|Any CPU
		{634B46B7-CA5E-4534-94AC-0441C2A66604}.Release|Any CPU.ActiveCfg = Release|Any CPU
		{634B46B7-CA5E-4534-94AC-0441C2A66604}.Release|Any CPU.Build.0 = Release|Any CPU
		{84DAB844-4658-4EDE-BBE8-FC37BDFD0502}.Debug|Any CPU.ActiveCfg = Debug|Any CPU
		{84DAB844-4658-4EDE-BBE8-FC37BDFD0502}.Debug|Any CPU.Build.0 = Debug|Any CPU
		{84DAB844-4658-4EDE-BBE8-FC37BDFD0502}.Release|Any CPU.ActiveCfg = Release|Any CPU
		{84DAB844-4658-4EDE-BBE8-FC37BDFD0502}.Release|Any CPU.Build.0 = Release|Any CPU
	EndGlobalSection
	GlobalSection(SolutionProperties) = preSolution
		HideSolutionNode = FALSE
	EndGlobalSection
	GlobalSection(ExtensibilityGlobals) = postSolution
		SolutionGuid = {8BA5D494-519A-49A7-BC9F-F223D22AD0C6}
	EndGlobalSection
EndGlobal
